github.com/go-logr/logr v1.0.0-rc1 h1:+ul9F74rBkPajeP8m4o3o0tiglmzNFsPnuhYyBCQ0Sc=
github.com/go-logr/logr v1.0.0-rc1/go.mod h1:z6/tIYblkpsD+a4lm/fGIIU9mZ+XfAiaFtq7xTgseGU=
github.com/google/go-cmp v0.7.0 h1:wk8382ETsv4JYUZwIsn6YpYiWiBsYLSJiTsyBybVuN8=
github.com/google/go-cmp v0.7.0/go.mod h1:pXiqmnSA92OHEEa9HXL2W4E7lf9JzCmGVUdgjX3N/iU=
